# THIS IS AN AUTOGENERATED FILE. DO NOT EDIT THIS FILE DIRECTLY.
# yarn lockfile v1


"@chainsafe/as-chacha20poly1305@^0.1.0":
  version "0.1.0"
  resolved "https://registry.npmjs.org/@chainsafe/as-chacha20poly1305/-/as-chacha20poly1305-0.1.0.tgz"
  integrity sha512-BpNcL8/lji/GM3+vZ/bgRWqJ1q5kwvTFmGPk7pxm/QQZDbaMI98waOHjEymTjq2JmdD/INdNBFOVSyJofXg7ew==

"@chainsafe/as-sha256@^0.4.1":
  version "0.4.2"
  resolved "https://registry.npmjs.org/@chainsafe/as-sha256/-/as-sha256-0.4.2.tgz"
  integrity sha512-HJ8GZBRjLeWtRsAXf3EbNsNzmTGpzTFjfpSf4yHkLYC+E52DhT6hwz+7qpj6I/EmFzSUm5tYYvT9K8GZokLQCQ==

"@chainsafe/is-ip@^2.0.1", "@chainsafe/is-ip@^2.0.2":
  version "2.0.2"
  resolved "https://registry.npmjs.org/@chainsafe/is-ip/-/is-ip-2.0.2.tgz"
  integrity sha512-ndGqEMG1W5WkGagaqOZHpPU172AGdxr+LD15sv3WIUvT5oCFUrG1Y0CW/v2Egwj4JXEvSibaIIIqImsm98y1nA==

"@chainsafe/libp2p-noise@^15.0.0":
  version "15.0.0"
  resolved "https://registry.npmjs.org/@chainsafe/libp2p-noise/-/libp2p-noise-15.0.0.tgz"
  integrity sha512-O8Y/WVU4J/qrnG72jwVhbmdXiBzv1dT9B3PMClCRmZ9z/5vVPEGRVXE/SVYeGF3bNuBTLoh+F+GaKG/9UHlMhg==
  dependencies:
    "@chainsafe/as-chacha20poly1305" "^0.1.0"
    "@chainsafe/as-sha256" "^0.4.1"
    "@libp2p/crypto" "^4.0.0"
    "@libp2p/interface" "^1.0.0"
    "@libp2p/peer-id" "^4.0.0"
    "@noble/ciphers" "^0.4.0"
    "@noble/curves" "^1.1.0"
    "@noble/hashes" "^1.3.1"
    it-length-prefixed "^9.0.1"
    it-length-prefixed-stream "^1.0.0"
    it-pair "^2.0.6"
    it-pipe "^3.0.1"
    it-stream-types "^2.0.1"
    protons-runtime "^5.0.0"
    uint8arraylist "^2.4.3"
    uint8arrays "^5.0.0"
    wherearewe "^2.0.1"

"@chainsafe/libp2p-yamux@^6.0.2":
  version "6.0.2"
  resolved "https://registry.npmjs.org/@chainsafe/libp2p-yamux/-/libp2p-yamux-6.0.2.tgz"
  integrity sha512-S5OkLHqYhEVMQQ4BTgnRANEIbGTQhaC23glCgBwGdeoTRtMpIozwDiPfljFLCm0RYWdCRJw9oFztO95KUHjptA==
  dependencies:
    "@libp2p/interface" "^1.1.3"
    "@libp2p/utils" "^5.2.5"
    get-iterator "^2.0.1"
    it-foreach "^2.0.6"
    it-pipe "^3.0.1"
    it-pushable "^3.2.3"
    uint8arraylist "^2.4.8"

"@chainsafe/netmask@^2.0.0":
  version "2.0.0"
  resolved "https://registry.npmjs.org/@chainsafe/netmask/-/netmask-2.0.0.tgz"
  integrity sha512-I3Z+6SWUoaljh3TBzCnCxjlUyN8tA+NAk5L6m9IxvCf1BENQTePzPMis97CoN/iMW1St3WN+AWCCRp+TTBRiDg==
  dependencies:
    "@chainsafe/is-ip" "^2.0.1"

"@cspotcode/source-map-support@^0.8.0":
  version "0.8.1"
  resolved "https://registry.npmjs.org/@cspotcode/source-map-support/-/source-map-support-0.8.1.tgz"
  integrity sha512-IchNf6dN4tHoMFIn/7OE8LWZ19Y6q/67Bmf6vnGREv8RSbBVb9LPJxEcnwrcwX6ixSvaiGoomAUvu4YSxXrVgw==
  dependencies:
    "@jridgewell/trace-mapping" "0.3.9"

"@jridgewell/resolve-uri@^3.0.3":
  version "3.1.2"
  resolved "https://registry.npmjs.org/@jridgewell/resolve-uri/-/resolve-uri-3.1.2.tgz"
  integrity sha512-bRISgCIjP20/tbWSPWMEi54QVPRZExkuD9lJL+UIxUKtwVJA8wW1Trb1jMs1RFXo1CBTNZ/5hpC9QvmKWdopKw==

"@jridgewell/sourcemap-codec@^1.4.10":
  version "1.4.15"
  resolved "https://registry.npmjs.org/@jridgewell/sourcemap-codec/-/sourcemap-codec-1.4.15.tgz"
  integrity sha512-eF2rxCRulEKXHTRiDrDy6erMYWqNw4LPdQ8UQA4huuxaQsVeRPFl2oM8oDGxMFhJUWZf9McpLtJasDDZb/Bpeg==

"@jridgewell/trace-mapping@0.3.9":
  version "0.3.9"
  resolved "https://registry.npmjs.org/@jridgewell/trace-mapping/-/trace-mapping-0.3.9.tgz"
  integrity sha512-3Belt6tdc8bPgAtbcmdtNJlirVoTmEb5e2gC94PnkwEW9jI6CAHUeoG85tjWP5WquqfavoMtMwiG4P926ZKKuQ==
  dependencies:
    "@jridgewell/resolve-uri" "^3.0.3"
    "@jridgewell/sourcemap-codec" "^1.4.10"

"@leichtgewicht/ip-codec@^2.0.1":
  version "2.0.5"
  resolved "https://registry.npmjs.org/@leichtgewicht/ip-codec/-/ip-codec-2.0.5.tgz"
  integrity sha512-Vo+PSpZG2/fmgmiNzYK9qWRh8h/CHrwD0mo1h1DzL4yzHNSfWYujGTYsWGreD000gcgmZ7K4Ys6Tx9TxtsKdDw==

"@libp2p/crypto@^4.0.0", "@libp2p/crypto@^4.1.1":
  version "4.1.1"
  resolved "https://registry.npmjs.org/@libp2p/crypto/-/crypto-4.1.1.tgz"
  integrity sha512-ju7P18Swd0CAa4ud31PBQdxPN++6dFl49RrH4F4yh5HYA3hXL18nbioH18iJ4WAahzjNQsdRMYzTQLWAUZPAkg==
  dependencies:
    "@libp2p/interface" "^1.3.1"
    "@noble/curves" "^1.4.0"
    "@noble/hashes" "^1.4.0"
    asn1js "^3.0.5"
    multiformats "^13.1.0"
    protons-runtime "^5.4.0"
    uint8arraylist "^2.4.8"
    uint8arrays "^5.0.3"

"@libp2p/interface-internal@^1.2.1":
  version "1.2.1"
  resolved "https://registry.npmjs.org/@libp2p/interface-internal/-/interface-internal-1.2.1.tgz"
  integrity sha512-fylZoBOc5grNXxZlDZyQu04pOK33BSVP4QvhkQIEuZa/HDXAud1iBnsk45NVKxEt3j+tqOKoWB1K3EMZ4ane/Q==
  dependencies:
    "@libp2p/interface" "^1.3.1"
    "@libp2p/peer-collections" "^5.2.1"
    "@multiformats/multiaddr" "^12.2.1"
    uint8arraylist "^2.4.8"

"@libp2p/interface@^1.0.0", "@libp2p/interface@^1.1.3", "@libp2p/interface@^1.3.1":
  version "1.3.1"
  resolved "https://registry.npmjs.org/@libp2p/interface/-/interface-1.3.1.tgz"
  integrity sha512-KJoYP6biAgIHUU3pxaixaaYCvIHZshzXetxfoNigadAZ3hCGuwpdFhk7IABEaI3RgadOOYUwW3MXPbL+cxnXVQ==
  dependencies:
    "@multiformats/multiaddr" "^12.2.1"
    it-pushable "^3.2.3"
    it-stream-types "^2.0.1"
    multiformats "^13.1.0"
    progress-events "^1.0.0"
    uint8arraylist "^2.4.8"

"@libp2p/logger@^4.0.12", "@libp2p/logger@^4.0.6":
  version "4.0.12"
  resolved "https://registry.npmjs.org/@libp2p/logger/-/logger-4.0.12.tgz"
  integrity sha512-eSiHY06Zijq6b1rMBob/ZuGBEavFm8IPNPEzeOU3JrBU7v/OV8Da0FesbemtkudZVPRi8mqRoOiIwmWn0mObng==
  dependencies:
    "@libp2p/interface" "^1.3.1"
    "@multiformats/multiaddr" "^12.2.1"
    debug "^4.3.4"
    interface-datastore "^8.2.11"
    multiformats "^13.1.0"

"@libp2p/mdns@^10.0.23":
  version "10.0.23"
  resolved "https://registry.npmjs.org/@libp2p/mdns/-/mdns-10.0.23.tgz"
  integrity sha512-Y/MGa4JRyvpr4QuohlflGhVthdEvCMajSFwX04s6KYDl8aT5S8HLZvb+1XMgfk9raBxVGFeHyjssMbHscb45Kg==
  dependencies:
    "@libp2p/interface" "^1.3.1"
    "@libp2p/interface-internal" "^1.2.1"
    "@libp2p/peer-id" "^4.1.1"
    "@libp2p/utils" "^5.4.1"
    "@multiformats/multiaddr" "^12.2.1"
    "@types/multicast-dns" "^7.2.4"
    dns-packet "^5.6.1"
    multicast-dns "^7.2.5"

"@libp2p/mplex@^10.0.23":
  version "10.0.23"
  resolved "https://registry.npmjs.org/@libp2p/mplex/-/mplex-10.0.23.tgz"
  integrity sha512-J60R+EkkPRe+lH67vJ8uL3CvGoPLldBl3f5C1RCw7pt+EhnapujZGC9YK18+Af3/PJLIeoGSG5PMHw37Ps4NLQ==
  dependencies:
    "@libp2p/interface" "^1.3.1"
    "@libp2p/utils" "^5.4.1"
    it-pipe "^3.0.1"
    it-pushable "^3.2.3"
    it-stream-types "^2.0.1"
    uint8-varint "^2.0.4"
    uint8arraylist "^2.4.8"
    uint8arrays "^5.0.3"

"@libp2p/multistream-select@^5.1.9":
  version "5.1.9"
  resolved "https://registry.npmjs.org/@libp2p/multistream-select/-/multistream-select-5.1.9.tgz"
  integrity sha512-Cs7KgIZXmHnTbtbK0nHVezgghCuo/8IjdioeViXyljTe2/ye4lds86lSkuZTEEbggM/4djT0fBdvqAJ2F5rhVQ==
  dependencies:
    "@libp2p/interface" "^1.3.1"
    it-length-prefixed "^9.0.4"
    it-length-prefixed-stream "^1.1.6"
    it-stream-types "^2.0.1"
    p-defer "^4.0.1"
    race-signal "^1.0.2"
    uint8-varint "^2.0.4"
    uint8arraylist "^2.4.8"
    uint8arrays "^5.0.3"

"@libp2p/peer-collections@^5.2.1":
  version "5.2.1"
  resolved "https://registry.npmjs.org/@libp2p/peer-collections/-/peer-collections-5.2.1.tgz"
  integrity sha512-sBC/RruYzYv3qaMTk4W1N3TnW2s8nCVuM69V2xJLy7R0Umbitw5rVZZW2IN10Dba3HGRVZD9sO99bdMbLsI4TQ==
  dependencies:
    "@libp2p/interface" "^1.3.1"
    "@libp2p/peer-id" "^4.1.1"
    "@libp2p/utils" "^5.4.1"

"@libp2p/peer-id-factory@^4.1.1":
  version "4.1.1"
  resolved "https://registry.npmjs.org/@libp2p/peer-id-factory/-/peer-id-factory-4.1.1.tgz"
  integrity sha512-8/tRsKQLtgXmM8KklE1XB5VFfHytnbhibH/tRMN9CFZWkpkK1KmFgMxN8t9jZ2+zSK1ozZQQi4jyvkYEyLi5zQ==
  dependencies:
    "@libp2p/crypto" "^4.1.1"
    "@libp2p/interface" "^1.3.1"
    "@libp2p/peer-id" "^4.1.1"
    protons-runtime "^5.4.0"
    uint8arraylist "^2.4.8"
    uint8arrays "^5.0.3"

"@libp2p/peer-id@^4.0.0", "@libp2p/peer-id@^4.1.1":
  version "4.1.1"
  resolved "https://registry.npmjs.org/@libp2p/peer-id/-/peer-id-4.1.1.tgz"
  integrity sha512-Fu25drhhdc5JDWb3x33u+5p9I3F2tmYrlx2aiwD5Kv70RLKC9k7B1m4iywBkFE82QKUPtT21IrVYlwsm46znqQ==
  dependencies:
    "@libp2p/interface" "^1.3.1"
    multiformats "^13.1.0"
    uint8arrays "^5.0.3"

"@libp2p/peer-record@^7.0.17":
  version "7.0.17"
  resolved "https://registry.npmjs.org/@libp2p/peer-record/-/peer-record-7.0.17.tgz"
  integrity sha512-Ey9Nn36GKJgiV21SrElfB22T9jcknlfWVGTXvYwnwwaU7y9IXq5KqW0lRa0hqX9vYzMD/Td3BWhOMmuHW4YypA==
  dependencies:
    "@libp2p/crypto" "^4.1.1"
    "@libp2p/interface" "^1.3.1"
    "@libp2p/peer-id" "^4.1.1"
    "@libp2p/utils" "^5.4.1"
    "@multiformats/multiaddr" "^12.2.1"
    protons-runtime "^5.4.0"
    uint8-varint "^2.0.4"
    uint8arraylist "^2.4.8"
    uint8arrays "^5.0.3"

"@libp2p/peer-store@^10.0.18":
  version "10.0.18"
  resolved "https://registry.npmjs.org/@libp2p/peer-store/-/peer-store-10.0.18.tgz"
  integrity sha512-NSZtjCZJ5qZVjztocFa5A60PubEul4w+oCj4mKPEJh075OG8Ze+9o1V7QGra0OX0kF12Qhnh2HNcHk288/abzA==
  dependencies:
    "@libp2p/interface" "^1.3.1"
    "@libp2p/peer-collections" "^5.2.1"
    "@libp2p/peer-id" "^4.1.1"
    "@libp2p/peer-record" "^7.0.17"
    "@multiformats/multiaddr" "^12.2.1"
    interface-datastore "^8.2.11"
    it-all "^3.0.4"
    mortice "^3.0.4"
    multiformats "^13.1.0"
    protons-runtime "^5.4.0"
    uint8arraylist "^2.4.8"
    uint8arrays "^5.0.3"

"@libp2p/tcp@^9.0.25":
  version "9.0.25"
  resolved "https://registry.npmjs.org/@libp2p/tcp/-/tcp-9.0.25.tgz"
  integrity sha512-sb2O26EAPDXF53gfn+1+go4o78Zd7K/E3obSWzmUBEck8u871rn2roE5ZCmbqWcsEbvYWZvWST0QdP7ZhLijWw==
  dependencies:
    "@libp2p/interface" "^1.3.1"
    "@libp2p/utils" "^5.4.1"
    "@multiformats/mafmt" "^12.1.6"
    "@multiformats/multiaddr" "^12.2.1"
    "@types/sinon" "^17.0.3"
    stream-to-it "^1.0.0"

"@libp2p/utils@^5.2.5", "@libp2p/utils@^5.4.1":
  version "5.4.1"
  resolved "https://registry.npmjs.org/@libp2p/utils/-/utils-5.4.1.tgz"
  integrity sha512-7QS6x24bEIJqSsNIPfob72mRos5Dc88zuPbfFvJHmCkiuAyWGEx8NtrLpImuUCe5oZ3RcvqN+4e/Ib1oc0Q+Sw==
  dependencies:
    "@chainsafe/is-ip" "^2.0.2"
    "@libp2p/crypto" "^4.1.1"
    "@libp2p/interface" "^1.3.1"
    "@libp2p/logger" "^4.0.12"
    "@multiformats/multiaddr" "^12.2.1"
    "@multiformats/multiaddr-matcher" "^1.2.0"
    "@sindresorhus/fnv1a" "^3.1.0"
    "@types/murmurhash3js-revisited" "^3.0.3"
    any-signal "^4.1.1"
    delay "^6.0.0"
    get-iterator "^2.0.1"
    is-loopback-addr "^2.0.2"
    it-pushable "^3.2.3"
    it-stream-types "^2.0.1"
    murmurhash3js-revisited "^3.0.0"
    netmask "^2.0.2"
    p-defer "^4.0.1"
    race-event "^1.2.0"
    race-signal "^1.0.2"
    uint8arraylist "^2.4.8"
    uint8arrays "^5.0.3"

"@multiformats/dns@^1.0.3", "@multiformats/dns@^1.0.5":
  version "1.0.6"
  resolved "https://registry.npmjs.org/@multiformats/dns/-/dns-1.0.6.tgz"
  integrity sha512-nt/5UqjMPtyvkG9BQYdJ4GfLK3nMqGpFZOzf4hAmIa0sJh2LlS9YKXZ4FgwBDsaHvzZqR/rUFIywIc7pkHNNuw==
  dependencies:
    "@types/dns-packet" "^5.6.5"
    buffer "^6.0.3"
    dns-packet "^5.6.1"
    hashlru "^2.3.0"
    p-queue "^8.0.1"
    progress-events "^1.0.0"
    uint8arrays "^5.0.2"

"@multiformats/mafmt@^12.1.6":
  version "12.1.6"
  resolved "https://registry.npmjs.org/@multiformats/mafmt/-/mafmt-12.1.6.tgz"
  integrity sha512-tlJRfL21X+AKn9b5i5VnaTD6bNttpSpcqwKVmDmSHLwxoz97fAHaepqFOk/l1fIu94nImIXneNbhsJx/RQNIww==
  dependencies:
    "@multiformats/multiaddr" "^12.0.0"

"@multiformats/multiaddr-matcher@^1.2.0":
  version "1.2.1"
  resolved "https://registry.npmjs.org/@multiformats/multiaddr-matcher/-/multiaddr-matcher-1.2.1.tgz"
  integrity sha512-rcf8RSsvOkJcMoNaGgEPXgoCyvorGBOyNfj1TYX2IHcI8FhqDcuzuYwzuHz6wlsTwi4ADDNU2azGcOXftCnfYA==
  dependencies:
    "@chainsafe/is-ip" "^2.0.1"
    "@multiformats/multiaddr" "^12.0.0"
    multiformats "^13.0.0"

"@multiformats/multiaddr@^12.0.0", "@multiformats/multiaddr@^12.2.1":
  version "12.2.1"
  resolved "https://registry.npmjs.org/@multiformats/multiaddr/-/multiaddr-12.2.1.tgz"
  integrity sha512-UwjoArBbv64FlaetV4DDwh+PUMfzXUBltxQwdh+uTYnGFzVa8ZfJsn1vt1RJlJ6+Xtrm3RMekF/B+K338i2L5Q==
  dependencies:
    "@chainsafe/is-ip" "^2.0.1"
    "@chainsafe/netmask" "^2.0.0"
    "@libp2p/interface" "^1.0.0"
    "@multiformats/dns" "^1.0.3"
    multiformats "^13.0.0"
    uint8-varint "^2.0.1"
    uint8arrays "^5.0.0"

"@noble/ciphers@^0.4.0":
  version "0.4.1"
  resolved "https://registry.npmjs.org/@noble/ciphers/-/ciphers-0.4.1.tgz"
  integrity sha512-QCOA9cgf3Rc33owG0AYBB9wszz+Ul2kramWN8tXG44Gyciud/tbkEqvxRF/IpqQaBpRBNi9f4jdNxqB2CQCIXg==

"@noble/curves@^1.1.0", "@noble/curves@^1.4.0":
  version "1.4.0"
  resolved "https://registry.npmjs.org/@noble/curves/-/curves-1.4.0.tgz"
  integrity sha512-p+4cb332SFCrReJkCYe8Xzm0OWi4Jji5jVdIZRL/PmacmDkFNw6MrrV+gGpiPxLHbV+zKFRywUWbaseT+tZRXg==
  dependencies:
    "@noble/hashes" "1.4.0"

"@noble/hashes@1.4.0", "@noble/hashes@^1.3.1", "@noble/hashes@^1.4.0":
  version "1.4.0"
  resolved "https://registry.npmjs.org/@noble/hashes/-/hashes-1.4.0.tgz"
  integrity sha512-V1JJ1WTRUqHHrOSh597hURcMqVKVGL/ea3kv0gSnEdsEZ0/+VyPghM1lMNGc00z7CIQorSvbKpuJkxvuHbvdbg==

"@sindresorhus/fnv1a@^3.1.0":
  version "3.1.0"
  resolved "https://registry.npmjs.org/@sindresorhus/fnv1a/-/fnv1a-3.1.0.tgz"
  integrity sha512-KV321z5m/0nuAg83W1dPLy85HpHDk7Sdi4fJbwvacWsEhAh+rZUW4ZfGcXmUIvjZg4ss2bcwNlRhJ7GBEUG08w==

"@swc/core-darwin-arm64@1.5.7":
  version "1.5.7"
  resolved "https://registry.npmjs.org/@swc/core-darwin-arm64/-/core-darwin-arm64-1.5.7.tgz"
  integrity sha512-bZLVHPTpH3h6yhwVl395k0Mtx8v6CGhq5r4KQdAoPbADU974Mauz1b6ViHAJ74O0IVE5vyy7tD3OpkQxL/vMDQ==

"@swc/core-darwin-x64@1.5.7":
  version "1.5.7"
  resolved "https://registry.yarnpkg.com/@swc/core-darwin-x64/-/core-darwin-x64-1.5.7.tgz#6aa7e3c01ab8e5e41597f8a24ff24c4e50936a46"
  integrity sha512-RpUyu2GsviwTc2qVajPL0l8nf2vKj5wzO3WkLSHAHEJbiUZk83NJrZd1RVbEknIMO7+Uyjh54hEh8R26jSByaw==

"@swc/core-linux-arm-gnueabihf@1.5.7":
  version "1.5.7"
  resolved "https://registry.yarnpkg.com/@swc/core-linux-arm-gnueabihf/-/core-linux-arm-gnueabihf-1.5.7.tgz#160108633b9e1d1ad05f815bedc7e9eb5d59fc2a"
  integrity sha512-cTZWTnCXLABOuvWiv6nQQM0hP6ZWEkzdgDvztgHI/+u/MvtzJBN5lBQ2lue/9sSFYLMqzqff5EHKlFtrJCA9dQ==

"@swc/core-linux-arm64-gnu@1.5.7":
  version "1.5.7"
  resolved "https://registry.yarnpkg.com/@swc/core-linux-arm64-gnu/-/core-linux-arm64-gnu-1.5.7.tgz#cbfa512683c73227ad25552f3b3e722b0e7fbd1d"
  integrity sha512-hoeTJFBiE/IJP30Be7djWF8Q5KVgkbDtjySmvYLg9P94bHg9TJPSQoC72tXx/oXOgXvElDe/GMybru0UxhKx4g==

"@swc/core-linux-arm64-musl@1.5.7":
  version "1.5.7"
  resolved "https://registry.yarnpkg.com/@swc/core-linux-arm64-musl/-/core-linux-arm64-musl-1.5.7.tgz#80239cb58fe57f3c86b44617fe784530ec55ee2b"
  integrity sha512-+NDhK+IFTiVK1/o7EXdCeF2hEzCiaRSrb9zD7X2Z7inwWlxAntcSuzZW7Y6BRqGQH89KA91qYgwbnjgTQ22PiQ==

"@swc/core-linux-x64-gnu@1.5.7":
  version "1.5.7"
  resolved "https://registry.yarnpkg.com/@swc/core-linux-x64-gnu/-/core-linux-x64-gnu-1.5.7.tgz#a699c1632de60b6a63b7fdb7abcb4fef317e57ca"
  integrity sha512-25GXpJmeFxKB+7pbY7YQLhWWjkYlR+kHz5I3j9WRl3Lp4v4UD67OGXwPe+DIcHqcouA1fhLhsgHJWtsaNOMBNg==

"@swc/core-linux-x64-musl@1.5.7":
  version "1.5.7"
  resolved "https://registry.yarnpkg.com/@swc/core-linux-x64-musl/-/core-linux-x64-musl-1.5.7.tgz#8e4c203d6bc41e7f85d7d34d0fdf4ef751fa626c"
  integrity sha512-0VN9Y5EAPBESmSPPsCJzplZHV26akC0sIgd3Hc/7S/1GkSMoeuVL+V9vt+F/cCuzr4VidzSkqftdP3qEIsXSpg==

"@swc/core-win32-arm64-msvc@1.5.7":
  version "1.5.7"
  resolved "https://registry.yarnpkg.com/@swc/core-win32-arm64-msvc/-/core-win32-arm64-msvc-1.5.7.tgz#31e3d42b8c0aa79f0ea1a980c0dd1a999d378ed7"
  integrity sha512-RtoNnstBwy5VloNCvmvYNApkTmuCe4sNcoYWpmY7C1+bPR+6SOo8im1G6/FpNem8AR5fcZCmXHWQ+EUmRWJyuA==

"@swc/core-win32-ia32-msvc@1.5.7":
  version "1.5.7"
  resolved "https://registry.yarnpkg.com/@swc/core-win32-ia32-msvc/-/core-win32-ia32-msvc-1.5.7.tgz#a235285f9f62850aefcf9abb03420f2c54f63638"
  integrity sha512-Xm0TfvcmmspvQg1s4+USL3x8D+YPAfX2JHygvxAnCJ0EHun8cm2zvfNBcsTlnwYb0ybFWXXY129aq1wgFC9TpQ==

"@swc/core-win32-x64-msvc@1.5.7":
  version "1.5.7"
  resolved "https://registry.yarnpkg.com/@swc/core-win32-x64-msvc/-/core-win32-x64-msvc-1.5.7.tgz#f84641393b5223450d00d97bfff877b8b69d7c9b"
  integrity sha512-tp43WfJLCsKLQKBmjmY/0vv1slVywR5Q4qKjF5OIY8QijaEW7/8VwPyUyVoJZEnDgv9jKtUTG5PzqtIYPZGnyg==

"@swc/core@^1.5.7":
  version "1.5.7"
  resolved "https://registry.npmjs.org/@swc/core/-/core-1.5.7.tgz"
  integrity sha512-U4qJRBefIJNJDRCCiVtkfa/hpiZ7w0R6kASea+/KLp+vkus3zcLSB8Ub8SvKgTIxjWpwsKcZlPf5nrv4ls46SQ==
  dependencies:
    "@swc/counter" "^0.1.2"
    "@swc/types" "0.1.7"
  optionalDependencies:
    "@swc/core-darwin-arm64" "1.5.7"
    "@swc/core-darwin-x64" "1.5.7"
    "@swc/core-linux-arm-gnueabihf" "1.5.7"
    "@swc/core-linux-arm64-gnu" "1.5.7"
    "@swc/core-linux-arm64-musl" "1.5.7"
    "@swc/core-linux-x64-gnu" "1.5.7"
    "@swc/core-linux-x64-musl" "1.5.7"
    "@swc/core-win32-arm64-msvc" "1.5.7"
    "@swc/core-win32-ia32-msvc" "1.5.7"
    "@swc/core-win32-x64-msvc" "1.5.7"

"@swc/counter@^0.1.2", "@swc/counter@^0.1.3":
  version "0.1.3"
  resolved "https://registry.npmjs.org/@swc/counter/-/counter-0.1.3.tgz"
  integrity sha512-e2BR4lsJkkRlKZ/qCHPw9ZaSxc0MVUd7gtbtaB7aMvHeJVYe8sOB8DBZkP2DtISHGSku9sCK6T6cnY0CtXrOCQ==

"@swc/types@0.1.7":
  version "0.1.7"
  resolved "https://registry.npmjs.org/@swc/types/-/types-0.1.7.tgz"
  integrity sha512-scHWahbHF0eyj3JsxG9CFJgFdFNaVQCNAimBlT6PzS3n/HptxqREjsm4OH6AN3lYcffZYSPxXW8ua2BEHp0lJQ==
  dependencies:
    "@swc/counter" "^0.1.3"

"@tsconfig/node10@^1.0.7":
  version "1.0.11"
  resolved "https://registry.npmjs.org/@tsconfig/node10/-/node10-1.0.11.tgz"
  integrity sha512-DcRjDCujK/kCk/cUe8Xz8ZSpm8mS3mNNpta+jGCA6USEDfktlNvm1+IuZ9eTcDbNk41BHwpHHeW+N1lKCz4zOw==

"@tsconfig/node12@^1.0.7":
  version "1.0.11"
  resolved "https://registry.npmjs.org/@tsconfig/node12/-/node12-1.0.11.tgz"
  integrity sha512-cqefuRsh12pWyGsIoBKJA9luFu3mRxCA+ORZvA4ktLSzIuCUtWVxGIuXigEwO5/ywWFMZ2QEGKWvkZG1zDMTag==

"@tsconfig/node14@^1.0.0":
  version "1.0.3"
  resolved "https://registry.npmjs.org/@tsconfig/node14/-/node14-1.0.3.tgz"
  integrity sha512-ysT8mhdixWK6Hw3i1V2AeRqZ5WfXg1G43mqoYlM2nc6388Fq5jcXyr5mRsqViLx/GJYdoL0bfXD8nmF+Zn/Iow==

"@tsconfig/node16@^1.0.2":
  version "1.0.4"
  resolved "https://registry.npmjs.org/@tsconfig/node16/-/node16-1.0.4.tgz"
  integrity sha512-vxhUy4J8lyeyinH7Azl1pdd43GJhZH/tP2weN8TntQblOY+A0XbT8DJk1/oCPuOOyg/Ja757rG0CgHcWC8OfMA==

"@types/dns-packet@*", "@types/dns-packet@^5.6.5":
  version "5.6.5"
  resolved "https://registry.npmjs.org/@types/dns-packet/-/dns-packet-5.6.5.tgz"
  integrity sha512-qXOC7XLOEe43ehtWJCMnQXvgcIpv6rPmQ1jXT98Ad8A3TB1Ue50jsCbSSSyuazScEuZ/Q026vHbrOTVkmwA+7Q==
  dependencies:
    "@types/node" "*"

"@types/multicast-dns@^7.2.4":
  version "7.2.4"
  resolved "https://registry.npmjs.org/@types/multicast-dns/-/multicast-dns-7.2.4.tgz"
  integrity sha512-ib5K4cIDR4Ro5SR3Sx/LROkMDa0BHz0OPaCBL/OSPDsAXEGZ3/KQeS6poBKYVN7BfjXDL9lWNwzyHVgt/wkyCw==
  dependencies:
    "@types/dns-packet" "*"
    "@types/node" "*"

"@types/murmurhash3js-revisited@^3.0.3":
  version "3.0.3"
  resolved "https://registry.npmjs.org/@types/murmurhash3js-revisited/-/murmurhash3js-revisited-3.0.3.tgz"
  integrity sha512-QvlqvYtGBYIDeO8dFdY4djkRubcrc+yTJtBc7n8VZPlJDUS/00A+PssbvERM8f9bYRmcaSEHPZgZojeQj7kzAA==

"@types/node@*", "@types/node@^20.12.12":
  version "20.12.12"
  resolved "https://registry.npmjs.org/@types/node/-/node-20.12.12.tgz"
  integrity sha512-eWLDGF/FOSPtAvEqeRAQ4C8LSA7M1I7i0ky1I8U7kD1J5ITyW3AsRhQrKVoWf5pFKZ2kILsEGJhsI9r93PYnOw==
  dependencies:
    undici-types "~5.26.4"

"@types/sinon@^17.0.3":
  version "17.0.3"
  resolved "https://registry.npmjs.org/@types/sinon/-/sinon-17.0.3.tgz"
  integrity sha512-j3uovdn8ewky9kRBG19bOwaZbexJu/XjtkHyjvUgt4xfPFz18dcORIMqnYh66Fx3Powhcr85NT5+er3+oViapw==
  dependencies:
    "@types/sinonjs__fake-timers" "*"

"@types/sinonjs__fake-timers@*":
  version "8.1.5"
  resolved "https://registry.npmjs.org/@types/sinonjs__fake-timers/-/sinonjs__fake-timers-8.1.5.tgz"
  integrity sha512-mQkU2jY8jJEF7YHjHvsQO8+3ughTL1mcnn96igfhONmR+fUPSKIkefQYpSe8bsly2Ep7oQbn/6VG5/9/0qcArQ==

acorn-walk@^8.1.1:
  version "8.3.2"
  resolved "https://registry.npmjs.org/acorn-walk/-/acorn-walk-8.3.2.tgz"
  integrity sha512-cjkyv4OtNCIeqhHrfS81QWXoCBPExR/J62oyEqepVw8WaQeSqpW2uhuLPh1m9eWhDuOo/jUXVTlifvesOWp/4A==

acorn@^8.4.1:
  version "8.11.3"
  resolved "https://registry.npmjs.org/acorn/-/acorn-8.11.3.tgz"
  integrity sha512-Y9rRfJG5jcKOE0CLisYbojUjIrIEE7AGMzA/Sm4BslANhbS+cDMpgBdcPT91oJ7OuJ9hYJBx59RjbhxVnrF8Xg==

any-signal@^4.1.1:
  version "4.1.1"
  resolved "https://registry.npmjs.org/any-signal/-/any-signal-4.1.1.tgz"
  integrity sha512-iADenERppdC+A2YKbOXXB2WUeABLaM6qnpZ70kZbPZ1cZMMJ7eF+3CaYm+/PhBizgkzlvssC7QuHS30oOiQYWA==

arg@^4.1.0:
  version "4.1.3"
  resolved "https://registry.npmjs.org/arg/-/arg-4.1.3.tgz"
  integrity sha512-58S9QDqG0Xx27YwPSt9fJxivjYl432YCwfDMfZ+71RAqUrZef7LrKQZ3LHLOwCS4FLNBplP533Zx895SeOCHvA==

asn1js@^3.0.5:
  version "3.0.5"
  resolved "https://registry.npmjs.org/asn1js/-/asn1js-3.0.5.tgz"
  integrity sha512-FVnvrKJwpt9LP2lAMl8qZswRNm3T4q9CON+bxldk2iwk3FFpuwhx2FfinyitizWHsVYyaY+y5JzDR0rCMV5yTQ==
  dependencies:
    pvtsutils "^1.3.2"
    pvutils "^1.1.3"
    tslib "^2.4.0"

base64-js@^1.3.1:
  version "1.5.1"
  resolved "https://registry.npmjs.org/base64-js/-/base64-js-1.5.1.tgz"
  integrity sha512-AKpaYlHn8t4SVbOHCy+b5+KKgvR4vrsD8vbvrbiQJps7fKDTkjkDry6ji0rUJjC0kzbNePLwzxq8iypo41qeWA==

buffer@^6.0.3:
  version "6.0.3"
  resolved "https://registry.npmjs.org/buffer/-/buffer-6.0.3.tgz"
  integrity sha512-FTiCpNxtwiZZHEZbcbTIcZjERVICn9yq/pDFkTl95/AxzD1naBctN7YO68riM/gLSDY7sdrMby8hofADYuuqOA==
  dependencies:
    base64-js "^1.3.1"
    ieee754 "^1.2.1"

create-require@^1.1.0:
  version "1.1.1"
  resolved "https://registry.npmjs.org/create-require/-/create-require-1.1.1.tgz"
  integrity sha512-dcKFX3jn0MpIaXjisoRvexIJVEKzaq7z2rZKxf+MSr9TkdmHmsU4m2lcLojrj/FHl8mk5VxMmYA+ftRkP/3oKQ==

datastore-core@^9.2.9:
  version "9.2.9"
  resolved "https://registry.npmjs.org/datastore-core/-/datastore-core-9.2.9.tgz"
  integrity sha512-wraWTPsbtdE7FFaVo3pwPuTB/zXsgwGGAm8BgBYwYAuzZCTS0MfXmd/HH1vR9s0/NFFjOVmBkGiWCvKxZ+QjVw==
  dependencies:
    "@libp2p/logger" "^4.0.6"
    err-code "^3.0.1"
    interface-datastore "^8.0.0"
    interface-store "^5.0.0"
    it-drain "^3.0.5"
    it-filter "^3.0.4"
    it-map "^3.0.5"
    it-merge "^3.0.3"
    it-pipe "^3.0.1"
    it-pushable "^3.2.3"
    it-sort "^3.0.4"
    it-take "^3.0.4"

debug@^4.3.4:
  version "4.3.4"
  resolved "https://registry.npmjs.org/debug/-/debug-4.3.4.tgz"
  integrity sha512-PRWFHuSU3eDtQJPvnNY7Jcket1j0t5OuOsFzPPzsekD52Zl8qUfFIPEiswXqIvHWGVHOgX+7G/vCNNhehwxfkQ==
  dependencies:
    ms "2.1.2"

delay@^6.0.0:
  version "6.0.0"
  resolved "https://registry.npmjs.org/delay/-/delay-6.0.0.tgz"
  integrity sha512-2NJozoOHQ4NuZuVIr5CWd0iiLVIRSDepakaovIN+9eIDHEhdCAEvSy2cuf1DCrPPQLvHmbqTHODlhHg8UCy4zw==

diff@^4.0.1:
  version "4.0.2"
  resolved "https://registry.npmjs.org/diff/-/diff-4.0.2.tgz"
  integrity sha512-58lmxKSA4BNyLz+HHMUzlOEpg09FV+ev6ZMe3vJihgdxzgcwZ8VoEEPmALCZG9LmqfVoNMMKpttIYTVG6uDY7A==

dns-packet@^5.2.2, dns-packet@^5.6.1:
  version "5.6.1"
  resolved "https://registry.npmjs.org/dns-packet/-/dns-packet-5.6.1.tgz"
  integrity sha512-l4gcSouhcgIKRvyy99RNVOgxXiicE+2jZoNmaNmZ6JXiGajBOJAesk1OBlJuM5k2c+eudGdLxDqXuPCKIj6kpw==
  dependencies:
    "@leichtgewicht/ip-codec" "^2.0.1"

err-code@^3.0.1:
  version "3.0.1"
  resolved "https://registry.npmjs.org/err-code/-/err-code-3.0.1.tgz"
  integrity sha512-GiaH0KJUewYok+eeY05IIgjtAe4Yltygk9Wqp1V5yVWLdhf0hYZchRjNIT9bb0mSwRcIusT3cx7PJUf3zEIfUA==

eventemitter3@^5.0.1:
  version "5.0.1"
  resolved "https://registry.npmjs.org/eventemitter3/-/eventemitter3-5.0.1.tgz"
  integrity sha512-GWkBvjiSZK87ELrYOSESUYeVIc9mvLLf/nXalMOS5dYrgZq9o5OVkbZAVM06CVxYsCwH9BDZFPlQTlPA1j4ahA==

get-iterator@^2.0.1:
  version "2.0.1"
  resolved "https://registry.npmjs.org/get-iterator/-/get-iterator-2.0.1.tgz"
  integrity sha512-7HuY/hebu4gryTDT7O/XY/fvY9wRByEGdK6QOa4of8npTcv0+NS6frFKABcf6S9EBAsveTuKTsZQQBFMMNILIg==

hashlru@^2.3.0:
  version "2.3.0"
  resolved "https://registry.npmjs.org/hashlru/-/hashlru-2.3.0.tgz"
  integrity sha512-0cMsjjIC8I+D3M44pOQdsy0OHXGLVz6Z0beRuufhKa0KfaD2wGwAev6jILzXsd3/vpnNQJmWyZtIILqM1N+n5A==

ieee754@^1.2.1:
  version "1.2.1"
  resolved "https://registry.npmjs.org/ieee754/-/ieee754-1.2.1.tgz"
  integrity sha512-dcyqhDvX1C46lXZcVqCpK+FtMRQVdIMN6/Df5js2zouUsqG7I6sFxitIC+7KYK29KdXOLHdu9zL4sFnoVQnqaA==

interface-datastore@^8.0.0, interface-datastore@^8.2.11:
  version "8.2.11"
  resolved "https://registry.npmjs.org/interface-datastore/-/interface-datastore-8.2.11.tgz"
  integrity sha512-9E0iXehfp/j0UbZ2mvlYB4K9pP7uQBCppfuy8WHs1EHF6wLQrM9+zwyX+8Qt6HnH4GKZRyXX/CNXm6oD4+QYgA==
  dependencies:
    interface-store "^5.0.0"
    uint8arrays "^5.0.2"

interface-store@^5.0.0:
  version "5.1.8"
  resolved "https://registry.npmjs.org/interface-store/-/interface-store-5.1.8.tgz"
  integrity sha512-7na81Uxkl0vqk0CBPO5PvyTkdaJBaezwUJGsMOz7riPOq0rJt+7W31iaopaMICWea/iykUsvNlPx/Tc+MxC3/w==

is-electron@^2.2.0:
  version "2.2.2"
  resolved "https://registry.npmjs.org/is-electron/-/is-electron-2.2.2.tgz"
  integrity sha512-FO/Rhvz5tuw4MCWkpMzHFKWD2LsfHzIb7i6MdPYZ/KW7AlxawyLkqdy+jPZP1WubqEADE3O4FUENlJHDfQASRg==

is-loopback-addr@^2.0.2:
  version "2.0.2"
  resolved "https://registry.npmjs.org/is-loopback-addr/-/is-loopback-addr-2.0.2.tgz"
  integrity sha512-26POf2KRCno/KTNL5Q0b/9TYnL00xEsSaLfiFRmjM7m7Lw7ZMmFybzzuX4CcsLAluZGd+niLUiMRxEooVE3aqg==

is-plain-obj@^2.1.0:
  version "2.1.0"
  resolved "https://registry.npmjs.org/is-plain-obj/-/is-plain-obj-2.1.0.tgz"
  integrity sha512-YWnfyRwxL/+SsrWYfOpUtz5b3YD+nyfkHvjbcanzk8zgyO4ASD67uVMRt8k5bM4lLMDnXfriRhOpemw+NfT1eA==

it-all@^3.0.0, it-all@^3.0.4:
  version "3.0.6"
  resolved "https://registry.npmjs.org/it-all/-/it-all-3.0.6.tgz"
  integrity sha512-HXZWbxCgQZJfrv5rXvaVeaayXED8nTKx9tj9fpBhmcUJcedVZshMMMqTj0RG2+scGypb9Ut1zd1ifbf3lA8L+Q==

it-byte-stream@^1.0.0:
  version "1.0.10"
  resolved "https://registry.npmjs.org/it-byte-stream/-/it-byte-stream-1.0.10.tgz"
  integrity sha512-wjEADMuCS7PtnAGDjLGZ9n2+J+c6F/3a64ZfLVw2DCSKJWxwEQv+kQ2GUqArQVwkF+cKL6p7ka5cfbm+rwkwzg==
  dependencies:
    it-stream-types "^2.0.1"
    p-defer "^4.0.1"
    race-signal "^1.0.2"
    uint8arraylist "^2.4.8"

it-drain@^3.0.5:
  version "3.0.7"
  resolved "https://registry.npmjs.org/it-drain/-/it-drain-3.0.7.tgz"
  integrity sha512-vy6S1JKjjHSIFHgBpLpD1zhkCRl3z1zYWUxE14+kAYf+BL9ssWSFImJfhl361IIcwr0ofw8etzg11VqqB+ntUA==

it-filter@^3.0.4:
  version "3.1.0"
  resolved "https://registry.npmjs.org/it-filter/-/it-filter-3.1.0.tgz"
  integrity sha512-FiYuzdsUhmMZJTJQ8YLdgX3ArjQmAtCG1lyrtZd+92/2eC6YO9UoybdrwVj/yyZkuXAPykrSipLuZ+KSKpt29A==
  dependencies:
    it-peekable "^3.0.0"

it-foreach@^2.0.6:
  version "2.1.0"
  resolved "https://registry.npmjs.org/it-foreach/-/it-foreach-2.1.0.tgz"
  integrity sha512-nobWUecq9E2ED1kcXz2o27yN6KePauSdmxJNMwCduWByrF4WNB2UgBHjr9QV2jPXpEWPDuzxZas9fVhQj1Vovg==
  dependencies:
    it-peekable "^3.0.0"

it-length-prefixed-stream@^1.0.0, it-length-prefixed-stream@^1.1.6:
  version "1.1.7"
  resolved "https://registry.npmjs.org/it-length-prefixed-stream/-/it-length-prefixed-stream-1.1.7.tgz"
  integrity sha512-tH38h/wChpR6As/PD6yWZlpoMuB4wDW2Rxf3QbSt4+O1HTsLYbyZasNhTyIuvQqhebQ30OYrdM0yr9ig5qUvYQ==
  dependencies:
    it-byte-stream "^1.0.0"
    it-stream-types "^2.0.1"
    uint8-varint "^2.0.4"
    uint8arraylist "^2.4.8"

it-length-prefixed@^9.0.1, it-length-prefixed@^9.0.4:
  version "9.0.4"
  resolved "https://registry.npmjs.org/it-length-prefixed/-/it-length-prefixed-9.0.4.tgz"
  integrity sha512-lz28fykbG0jq7s5XtvlzGxO5BeSOw6ikymkRllxjL21V5VKLcvB4pHr9wPvEnsAJ2et1xpOk3BRTMq9XrhgKsg==
  dependencies:
    err-code "^3.0.1"
    it-reader "^6.0.1"
    it-stream-types "^2.0.1"
    uint8-varint "^2.0.1"
    uint8arraylist "^2.0.0"
    uint8arrays "^5.0.1"

it-map@^3.0.5:
  version "3.1.0"
  resolved "https://registry.npmjs.org/it-map/-/it-map-3.1.0.tgz"
  integrity sha512-B7zNmHYRE0qes8oTiNYU7jXEF5WvKZNAUosskCks1JT9Z4DNwRClrQyd+C/hgITG8ewDbVZMGx9VXAx3KMY2kA==
  dependencies:
    it-peekable "^3.0.0"

it-merge@^3.0.0, it-merge@^3.0.3:
  version "3.0.5"
  resolved "https://registry.npmjs.org/it-merge/-/it-merge-3.0.5.tgz"
  integrity sha512-2l7+mPf85pyRF5pqi0dKcA54E5Jm/2FyY5GsOaN51Ta0ipC7YZ3szuAsH8wOoB6eKY4XsU4k2X+mzPmFBMayEA==
  dependencies:
    it-pushable "^3.2.3"

it-pair@^2.0.6:
  version "2.0.6"
  resolved "https://registry.npmjs.org/it-pair/-/it-pair-2.0.6.tgz"
  integrity sha512-5M0t5RAcYEQYNG5BV7d7cqbdwbCAp5yLdzvkxsZmkuZsLbTdZzah6MQySYfaAQjNDCq6PUnDt0hqBZ4NwMfW6g==
  dependencies:
    it-stream-types "^2.0.1"
    p-defer "^4.0.0"

it-parallel@^3.0.6:
  version "3.0.7"
  resolved "https://registry.npmjs.org/it-parallel/-/it-parallel-3.0.7.tgz"
  integrity sha512-aIIc2t8knfER/mQu4uEHaAYZrnj/2Tdp+Vj6BA94Gi7xghx1kblvpyrLkCYO9K+eDyPS1cE3Vfhh9a20MEmzXA==
  dependencies:
    p-defer "^4.0.1"

it-peekable@^3.0.0:
  version "3.0.4"
  resolved "https://registry.npmjs.org/it-peekable/-/it-peekable-3.0.4.tgz"
  integrity sha512-Bb4xyMX5xAveFyh9ySbCrHMCpIF0+fIbl+0ZkcxP94JVofLe5j/mSBK0gjrrISsSVURVyey8X4L/IqrekOxjiA==

it-pipe@^3.0.1:
  version "3.0.1"
  resolved "https://registry.npmjs.org/it-pipe/-/it-pipe-3.0.1.tgz"
  integrity sha512-sIoNrQl1qSRg2seYSBH/3QxWhJFn9PKYvOf/bHdtCBF0bnghey44VyASsWzn5dAx0DCDDABq1hZIuzKmtBZmKA==
  dependencies:
    it-merge "^3.0.0"
    it-pushable "^3.1.2"
    it-stream-types "^2.0.1"

it-pushable@^3.1.2, it-pushable@^3.2.3:
  version "3.2.3"
  resolved "https://registry.npmjs.org/it-pushable/-/it-pushable-3.2.3.tgz"
  integrity sha512-gzYnXYK8Y5t5b/BnJUr7glfQLO4U5vyb05gPx/TyTw+4Bv1zM9gFk4YsOrnulWefMewlphCjKkakFvj1y99Tcg==
  dependencies:
    p-defer "^4.0.0"

it-reader@^6.0.1:
  version "6.0.4"
  resolved "https://registry.npmjs.org/it-reader/-/it-reader-6.0.4.tgz"
  integrity sha512-XCWifEcNFFjjBHtor4Sfaj8rcpt+FkY0L6WdhD578SCDhV4VUm7fCkF3dv5a+fTcfQqvN9BsxBTvWbYO6iCjTg==
  dependencies:
    it-stream-types "^2.0.1"
    uint8arraylist "^2.0.0"

it-sort@^3.0.4:
  version "3.0.5"
  resolved "https://registry.npmjs.org/it-sort/-/it-sort-3.0.5.tgz"
  integrity sha512-vFo3wYR+aRDwklp8iH8LKeePmWqXGQrS8JqEdZmbJ58DIGj67n0RT/t5BR8iYps/C/v5IdWsbow1bOCEUfY+hA==
  dependencies:
    it-all "^3.0.0"

it-stream-types@^2.0.1:
  version "2.0.1"
  resolved "https://registry.npmjs.org/it-stream-types/-/it-stream-types-2.0.1.tgz"
  integrity sha512-6DmOs5r7ERDbvS4q8yLKENcj6Yecr7QQTqWApbZdfAUTEC947d+PEha7PCqhm//9oxaLYL7TWRekwhoXl2s6fg==

it-take@^3.0.4:
  version "3.0.5"
  resolved "https://registry.npmjs.org/it-take/-/it-take-3.0.5.tgz"
  integrity sha512-4CzqXzx7FAeXsRYBTH0GhkxerH8Sv0nEGIXrO0ZIpECHth59Dm9ZYZ161VPrCQccWIL/Vu6M9YptlbMiEpCIlQ==

libp2p@^1.5.2:
  version "1.5.2"
  resolved "https://registry.npmjs.org/libp2p/-/libp2p-1.5.2.tgz"
  integrity sha512-eDuuCuPn38COBZ1fpWyDUtaMDyhKk9/pMGyenbL1AdRab9kvXHHDas9zRAGlymQd2ovkiPdueLH/ljJLaVdR2g==
  dependencies:
    "@libp2p/crypto" "^4.1.1"
    "@libp2p/interface" "^1.3.1"
    "@libp2p/interface-internal" "^1.2.1"
    "@libp2p/logger" "^4.0.12"
    "@libp2p/multistream-select" "^5.1.9"
    "@libp2p/peer-collections" "^5.2.1"
    "@libp2p/peer-id" "^4.1.1"
    "@libp2p/peer-id-factory" "^4.1.1"
    "@libp2p/peer-store" "^10.0.18"
    "@libp2p/utils" "^5.4.1"
    "@multiformats/dns" "^1.0.5"
    "@multiformats/multiaddr" "^12.2.1"
    "@multiformats/multiaddr-matcher" "^1.2.0"
    any-signal "^4.1.1"
    datastore-core "^9.2.9"
    interface-datastore "^8.2.11"
    it-merge "^3.0.3"
    it-parallel "^3.0.6"
    merge-options "^3.0.4"
    multiformats "^13.1.0"
    p-defer "^4.0.1"
    race-event "^1.3.0"
    race-signal "^1.0.2"
    uint8arrays "^5.0.3"

make-error@^1.1.1:
  version "1.3.6"
  resolved "https://registry.npmjs.org/make-error/-/make-error-1.3.6.tgz"
  integrity sha512-s8UhlNe7vPKomQhC1qFelMokr/Sc3AgNbso3n74mVPA5LTZwkB9NlXf4XPamLxJE8h0gh73rM94xvwRT2CVInw==

merge-options@^3.0.4:
  version "3.0.4"
  resolved "https://registry.npmjs.org/merge-options/-/merge-options-3.0.4.tgz"
  integrity sha512-2Sug1+knBjkaMsMgf1ctR1Ujx+Ayku4EdJN4Z+C2+JzoeF7A3OZ9KM2GY0CpQS51NR61LTurMJrRKPhSs3ZRTQ==
  dependencies:
    is-plain-obj "^2.1.0"

mortice@^3.0.4:
  version "3.0.4"
  resolved "https://registry.npmjs.org/mortice/-/mortice-3.0.4.tgz"
  integrity sha512-MUHRCAztSl4v/dAmK8vbYi5u1n9NZtQu4H3FsqS7qgMFQIAFw9lTpHiErd9kJpapqmvEdD1L3dUmiikifAvLsQ==
  dependencies:
    observable-webworkers "^2.0.1"
    p-queue "^8.0.1"
    p-timeout "^6.0.0"

ms@2.1.2:
  version "2.1.2"
  resolved "https://registry.npmjs.org/ms/-/ms-2.1.2.tgz"
  integrity sha512-sGkPx+VjMtmA6MX27oA4FBFELFCZZ4S4XqeGOXCv68tT+jb3vk/RyaKWP0PTKyWtmLSM0b+adUTEvbs1PEaH2w==

multicast-dns@^7.2.5:
  version "7.2.5"
  resolved "https://registry.npmjs.org/multicast-dns/-/multicast-dns-7.2.5.tgz"
  integrity sha512-2eznPJP8z2BFLX50tf0LuODrpINqP1RVIm/CObbTcBRITQgmC/TjcREF1NeTBzIcR5XO/ukWo+YHOjBbFwIupg==
  dependencies:
    dns-packet "^5.2.2"
    thunky "^1.0.2"

multiformats@^13.0.0, multiformats@^13.1.0:
  version "13.1.0"
  resolved "https://registry.npmjs.org/multiformats/-/multiformats-13.1.0.tgz"
  integrity sha512-HzdtdBwxsIkzpeXzhQ5mAhhuxcHbjEHH+JQoxt7hG/2HGFjjwyolLo7hbaexcnhoEuV4e0TNJ8kkpMjiEYY4VQ==

murmurhash3js-revisited@^3.0.0:
  version "3.0.0"
  resolved "https://registry.npmjs.org/murmurhash3js-revisited/-/murmurhash3js-revisited-3.0.0.tgz"
  integrity sha512-/sF3ee6zvScXMb1XFJ8gDsSnY+X8PbOyjIuBhtgis10W2Jx4ZjIhikUCIF9c4gpJxVnQIsPAFrSwTCuAjicP6g==

netmask@^2.0.2:
  version "2.0.2"
  resolved "https://registry.npmjs.org/netmask/-/netmask-2.0.2.tgz"
  integrity sha512-dBpDMdxv9Irdq66304OLfEmQ9tbNRFnFTuZiLo+bD+r332bBmMJ8GBLXklIXXgxd3+v9+KUnZaUR5PJMa75Gsg==

observable-webworkers@^2.0.1:
  version "2.0.1"
  resolved "https://registry.npmjs.org/observable-webworkers/-/observable-webworkers-2.0.1.tgz"
  integrity sha512-JI1vB0u3pZjoQKOK1ROWzp0ygxSi7Yb0iR+7UNsw4/Zn4cQ0P3R7XL38zac/Dy2tEA7Lg88/wIJTjF8vYXZ0uw==

p-defer@^4.0.0, p-defer@^4.0.1:
  version "4.0.1"
  resolved "https://registry.npmjs.org/p-defer/-/p-defer-4.0.1.tgz"
  integrity sha512-Mr5KC5efvAK5VUptYEIopP1bakB85k2IWXaRC0rsh1uwn1L6M0LVml8OIQ4Gudg4oyZakf7FmeRLkMMtZW1i5A==

p-queue@^8.0.1:
  version "8.0.1"
  resolved "https://registry.npmjs.org/p-queue/-/p-queue-8.0.1.tgz"
  integrity sha512-NXzu9aQJTAzbBqOt2hwsR63ea7yvxJc0PwN/zobNAudYfb1B7R08SzB4TsLeSbUCuG467NhnoT0oO6w1qRO+BA==
  dependencies:
    eventemitter3 "^5.0.1"
    p-timeout "^6.1.2"

p-timeout@^6.0.0, p-timeout@^6.1.2:
  version "6.1.2"
  resolved "https://registry.npmjs.org/p-timeout/-/p-timeout-6.1.2.tgz"
  integrity sha512-UbD77BuZ9Bc9aABo74gfXhNvzC9Tx7SxtHSh1fxvx3jTLLYvmVhiQZZrJzqqU0jKbN32kb5VOKiLEQI/3bIjgQ==

progress-events@^1.0.0:
  version "1.0.0"
  resolved "https://registry.npmjs.org/progress-events/-/progress-events-1.0.0.tgz"
  integrity sha512-zIB6QDrSbPfRg+33FZalluFIowkbV5Xh1xSuetjG+rlC5he6u2dc6VQJ0TbMdlN3R1RHdpOqxEFMKTnQ+itUwA==

protons-runtime@^5.0.0, protons-runtime@^5.4.0:
  version "5.4.0"
  resolved "https://registry.npmjs.org/protons-runtime/-/protons-runtime-5.4.0.tgz"
  integrity sha512-XfA++W/WlQOSyjUyuF5lgYBfXZUEMP01Oh1C2dSwZAlF2e/ZrMRPfWonXj6BGM+o8Xciv7w0tsRMKYwYEuQvaw==
  dependencies:
    uint8-varint "^2.0.2"
    uint8arraylist "^2.4.3"
    uint8arrays "^5.0.1"

pvtsutils@^1.3.2:
  version "1.3.5"
  resolved "https://registry.npmjs.org/pvtsutils/-/pvtsutils-1.3.5.tgz"
  integrity sha512-ARvb14YB9Nm2Xi6nBq1ZX6dAM0FsJnuk+31aUp4TrcZEdKUlSqOqsxJHUPJDNE3qiIp+iUPEIeR6Je/tgV7zsA==
  dependencies:
    tslib "^2.6.1"

pvutils@^1.1.3:
  version "1.1.3"
  resolved "https://registry.npmjs.org/pvutils/-/pvutils-1.1.3.tgz"
  integrity sha512-pMpnA0qRdFp32b1sJl1wOJNxZLQ2cbQx+k6tjNtZ8CpvVhNqEPRgivZ2WOUev2YMajecdH7ctUPDvEe87nariQ==

race-event@^1.2.0, race-event@^1.3.0:
  version "1.3.0"
  resolved "https://registry.npmjs.org/race-event/-/race-event-1.3.0.tgz"
  integrity sha512-kaLm7axfOnahIqD3jQ4l1e471FIFcEGebXEnhxyLscuUzV8C94xVHtWEqDDXxll7+yu/6lW0w1Ff4HbtvHvOHg==

race-signal@^1.0.2:
  version "1.0.2"
  resolved "https://registry.npmjs.org/race-signal/-/race-signal-1.0.2.tgz"
  integrity sha512-o3xNv0iTcIDQCXFlF6fPAMEBRjFxssgGoRqLbg06m+AdzEXXLUmoNOoUHTVz2NoBI8hHwKFKoC6IqyNtWr2bww==

stream-to-it@^1.0.0:
  version "1.0.1"
  resolved "https://registry.npmjs.org/stream-to-it/-/stream-to-it-1.0.1.tgz"
  integrity sha512-AqHYAYPHcmvMrcLNgncE/q0Aj/ajP6A4qGhxP6EVn7K3YTNs0bJpJyk57wc2Heb7MUL64jurvmnmui8D9kjZgA==
  dependencies:
    it-stream-types "^2.0.1"

thunky@^1.0.2:
  version "1.1.0"
  resolved "https://registry.npmjs.org/thunky/-/thunky-1.1.0.tgz"
  integrity sha512-eHY7nBftgThBqOyHGVN+l8gF0BucP09fMo0oO/Lb0w1OF80dJv+lDVpXG60WMQvkcxAkNybKsrEIE3ZtKGmPrA==

ts-node@^10.9.2:
  version "10.9.2"
  resolved "https://registry.npmjs.org/ts-node/-/ts-node-10.9.2.tgz"
  integrity sha512-f0FFpIdcHgn8zcPSbf1dRevwt047YMnaiJM3u2w2RewrB+fob/zePZcrOyQoLMMO7aBIddLcQIEK5dYjkLnGrQ==
  dependencies:
    "@cspotcode/source-map-support" "^0.8.0"
    "@tsconfig/node10" "^1.0.7"
    "@tsconfig/node12" "^1.0.7"
    "@tsconfig/node14" "^1.0.0"
    "@tsconfig/node16" "^1.0.2"
    acorn "^8.4.1"
    acorn-walk "^8.1.1"
    arg "^4.1.0"
    create-require "^1.1.0"
    diff "^4.0.1"
    make-error "^1.1.1"
    v8-compile-cache-lib "^3.0.1"
    yn "3.1.1"

tslib@^2.4.0, tslib@^2.6.1:
  version "2.6.2"
  resolved "https://registry.npmjs.org/tslib/-/tslib-2.6.2.tgz"
  integrity sha512-AEYxH93jGFPn/a2iVAwW87VuUIkR1FVUKB77NwMF7nBTDkDrrT/Hpt/IrCJ0QXhW27jTBDcf5ZY7w6RiqTMw2Q==

typescript@^5.4.5:
  version "5.4.5"
  resolved "https://registry.npmjs.org/typescript/-/typescript-5.4.5.tgz"
  integrity sha512-vcI4UpRgg81oIRUFwR0WSIHKt11nJ7SAVlYNIu+QpqeyXP+gpQJy/Z4+F0aGxSE4MqwjyXvW/TzgkLAx2AGHwQ==

uint8-varint@^2.0.1, uint8-varint@^2.0.2, uint8-varint@^2.0.4:
  version "2.0.4"
  resolved "https://registry.npmjs.org/uint8-varint/-/uint8-varint-2.0.4.tgz"
  integrity sha512-FwpTa7ZGA/f/EssWAb5/YV6pHgVF1fViKdW8cWaEarjB8t7NyofSWBdOTyFPaGuUG4gx3v1O3PQ8etsiOs3lcw==
  dependencies:
    uint8arraylist "^2.0.0"
    uint8arrays "^5.0.0"

uint8arraylist@^2.0.0, uint8arraylist@^2.4.3, uint8arraylist@^2.4.8:
  version "2.4.8"
  resolved "https://registry.npmjs.org/uint8arraylist/-/uint8arraylist-2.4.8.tgz"
  integrity sha512-vc1PlGOzglLF0eae1M8mLRTBivsvrGsdmJ5RbK3e+QRvRLOZfZhQROTwH/OfyF3+ZVUg9/8hE8bmKP2CvP9quQ==
  dependencies:
    uint8arrays "^5.0.1"

uint8arrays@^5.0.0, uint8arrays@^5.0.1, uint8arrays@^5.0.2, uint8arrays@^5.0.3:
  version "5.1.0"
  resolved "https://registry.npmjs.org/uint8arrays/-/uint8arrays-5.1.0.tgz"
  integrity sha512-vA6nFepEmlSKkMBnLBaUMVvAC4G3CTmO58C12y4sq6WPDOR7mOFYOi7GlrQ4djeSbP6JG9Pv9tJDM97PedRSww==
  dependencies:
    multiformats "^13.0.0"

undici-types@~5.26.4:
  version "5.26.5"
  resolved "https://registry.npmjs.org/undici-types/-/undici-types-5.26.5.tgz"
  integrity sha512-JlCMO+ehdEIKqlFxk6IfVoAUVmgz7cU7zD/h9XZ0qzeosSHmUJVOzSQvvYSYWXkFXC+IfLKSIffhv0sVZup6pA==

v8-compile-cache-lib@^3.0.1:
  version "3.0.1"
  resolved "https://registry.npmjs.org/v8-compile-cache-lib/-/v8-compile-cache-lib-3.0.1.tgz"
  integrity sha512-wa7YjyUGfNZngI/vtK0UHAN+lgDCxBPCylVXGp0zu59Fz5aiGtNXaq3DhIov063MorB+VfufLh3JlF2KdTK3xg==

wherearewe@^2.0.1:
  version "2.0.1"
  resolved "https://registry.npmjs.org/wherearewe/-/wherearewe-2.0.1.tgz"
  integrity sha512-XUguZbDxCA2wBn2LoFtcEhXL6AXo+hVjGonwhSTTTU9SzbWG8Xu3onNIpzf9j/mYUcJQ0f+m37SzG77G851uFw==
  dependencies:
    is-electron "^2.2.0"

yn@3.1.1:
  version "3.1.1"
  resolved "https://registry.npmjs.org/yn/-/yn-3.1.1.tgz"
  integrity sha512-Ux4ygGWsu2c7isFWe8Yu1YluJmqVhxqK2cLXNQA5AcC3QfbGNpM7fu0Y8b/z16pXLnFxZYvWhd3fhBY9DLmC6Q==
